
Microsoft Visual Studio Solution File, Format Version 12.00
# Visual Studio Version 16
VisualStudioVersion = 16.0.31729.503
MinimumVisualStudioVersion = 10.0.40219.1
Project("{FAE04EC0-301F-11D3-BF4B-00C04F79EFBC}") = "Course18", "Course18\Course18.csproj", "{7DA4123C-A710-44D3-B265-994E72E6F908}"
EndProject
Global
	GlobalSection(SolutionConfigurationPlatforms) = preSolution
		Debug|Any CPU = Debug|Any CPU
		Release|Any CPU = Release|Any CPU
	EndGlobalSection
	GlobalSection(ProjectConfigurationPlatforms) = postSolution
		{7DA4123C-A710-44D3-B265-994E72E6F908}.Debug|Any CPU.ActiveCfg = Debug|Any CPU
		{7DA4123C-A710-44D3-B265-994E72E6F908}.Debug|Any CPU.Build.0 = Debug|Any CPU
		{7DA4123C-A710-44D3-B265-994E72E6F908}.Release|Any CPU.ActiveCfg = Release|Any CPU
		{7DA4123C-A710-44D3-B265-994E72E6F908}.Release|Any CPU.Build.0 = Release|Any CPU
	EndGlobalSection
	GlobalSection(SolutionProperties) = preSolution
		HideSolutionNode = FALSE
	EndGlobalSection
	GlobalSection(ExtensibilityGlobals) = postSolution
		SolutionGuid = {8DFE6320-F122-4F27-A260-778062A21F4F}
	EndGlobalSection
EndGlobal
