
Microsoft Visual Studio Solution File, Format Version 12.00
# Visual Studio Version 16
VisualStudioVersion = 16.0.31729.503
MinimumVisualStudioVersion = 10.0.40219.1
Project("{FAE04EC0-301F-11D3-BF4B-00C04F79EFBC}") = "CourseExercicioPropostoIf01", "CourseExercicioPropostoIf01\CourseExercicioPropostoIf01.csproj", "{4D511513-1293-4C83-904D-B833F4D6C92D}"
EndProject
Global
	GlobalSection(SolutionConfigurationPlatforms) = preSolution
		Debug|Any CPU = Debug|Any CPU
		Release|Any CPU = Release|Any CPU
	EndGlobalSection
	GlobalSection(ProjectConfigurationPlatforms) = postSolution
		{4D511513-1293-4C83-904D-B833F4D6C92D}.Debug|Any CPU.ActiveCfg = Debug|Any CPU
		{4D511513-1293-4C83-904D-B833F4D6C92D}.Debug|Any CPU.Build.0 = Debug|Any CPU
		{4D511513-1293-4C83-904D-B833F4D6C92D}.Release|Any CPU.ActiveCfg = Release|Any CPU
		{4D511513-1293-4C83-904D-B833F4D6C92D}.Release|Any CPU.Build.0 = Release|Any CPU
	EndGlobalSection
	GlobalSection(SolutionProperties) = preSolution
		HideSolutionNode = FALSE
	EndGlobalSection
	GlobalSection(ExtensibilityGlobals) = postSolution
		SolutionGuid = {4027F1E2-AF8D-490A-AF3C-A08033FBE179}
	EndGlobalSection
EndGlobal
