
Microsoft Visual Studio Solution File, Format Version 12.00
# Visual Studio Version 16
VisualStudioVersion = 16.0.31729.503
MinimumVisualStudioVersion = 10.0.40219.1
Project("{FAE04EC0-301F-11D3-BF4B-00C04F79EFBC}") = "CourseExercicioPropostoClassStatic01", "CourseExercicioPropostoClassStatic01\CourseExercicioPropostoClassStatic01.csproj", "{2899DA1F-4DDA-44FC-8156-97AA060DE14D}"
EndProject
Global
	GlobalSection(SolutionConfigurationPlatforms) = preSolution
		Debug|Any CPU = Debug|Any CPU
		Release|Any CPU = Release|Any CPU
	EndGlobalSection
	GlobalSection(ProjectConfigurationPlatforms) = postSolution
		{2899DA1F-4DDA-44FC-8156-97AA060DE14D}.Debug|Any CPU.ActiveCfg = Debug|Any CPU
		{2899DA1F-4DDA-44FC-8156-97AA060DE14D}.Debug|Any CPU.Build.0 = Debug|Any CPU
		{2899DA1F-4DDA-44FC-8156-97AA060DE14D}.Release|Any CPU.ActiveCfg = Release|Any CPU
		{2899DA1F-4DDA-44FC-8156-97AA060DE14D}.Release|Any CPU.Build.0 = Release|Any CPU
	EndGlobalSection
	GlobalSection(SolutionProperties) = preSolution
		HideSolutionNode = FALSE
	EndGlobalSection
	GlobalSection(ExtensibilityGlobals) = postSolution
		SolutionGuid = {6084A7AA-CCF0-4A27-BEDF-AC28F2B8B917}
	EndGlobalSection
EndGlobal
