
Microsoft Visual Studio Solution File, Format Version 12.00
# Visual Studio Version 16
VisualStudioVersion = 16.0.31729.503
MinimumVisualStudioVersion = 10.0.40219.1
Project("{FAE04EC0-301F-11D3-BF4B-00C04F79EFBC}") = "Course027", "Course027\Course027.csproj", "{C318C31D-7918-4A19-8620-A41607482320}"
EndProject
Global
	GlobalSection(SolutionConfigurationPlatforms) = preSolution
		Debug|Any CPU = Debug|Any CPU
		Release|Any CPU = Release|Any CPU
	EndGlobalSection
	GlobalSection(ProjectConfigurationPlatforms) = postSolution
		{C318C31D-7918-4A19-8620-A41607482320}.Debug|Any CPU.ActiveCfg = Debug|Any CPU
		{C318C31D-7918-4A19-8620-A41607482320}.Debug|Any CPU.Build.0 = Debug|Any CPU
		{C318C31D-7918-4A19-8620-A41607482320}.Release|Any CPU.ActiveCfg = Release|Any CPU
		{C318C31D-7918-4A19-8620-A41607482320}.Release|Any CPU.Build.0 = Release|Any CPU
	EndGlobalSection
	GlobalSection(SolutionProperties) = preSolution
		HideSolutionNode = FALSE
	EndGlobalSection
	GlobalSection(ExtensibilityGlobals) = postSolution
		SolutionGuid = {389722D2-F2ED-45C2-BDB0-C39678C2D993}
	EndGlobalSection
EndGlobal
