
Microsoft Visual Studio Solution File, Format Version 12.00
# Visual Studio Version 16
VisualStudioVersion = 16.0.31729.503
MinimumVisualStudioVersion = 10.0.40219.1
Project("{FAE04EC0-301F-11D3-BF4B-00C04F79EFBC}") = "Course23", "Course23\Course23.csproj", "{FB8F1E3C-018E-451B-B8A8-3E501AF26ED2}"
EndProject
Global
	GlobalSection(SolutionConfigurationPlatforms) = preSolution
		Debug|Any CPU = Debug|Any CPU
		Release|Any CPU = Release|Any CPU
	EndGlobalSection
	GlobalSection(ProjectConfigurationPlatforms) = postSolution
		{FB8F1E3C-018E-451B-B8A8-3E501AF26ED2}.Debug|Any CPU.ActiveCfg = Debug|Any CPU
		{FB8F1E3C-018E-451B-B8A8-3E501AF26ED2}.Debug|Any CPU.Build.0 = Debug|Any CPU
		{FB8F1E3C-018E-451B-B8A8-3E501AF26ED2}.Release|Any CPU.ActiveCfg = Release|Any CPU
		{FB8F1E3C-018E-451B-B8A8-3E501AF26ED2}.Release|Any CPU.Build.0 = Release|Any CPU
	EndGlobalSection
	GlobalSection(SolutionProperties) = preSolution
		HideSolutionNode = FALSE
	EndGlobalSection
	GlobalSection(ExtensibilityGlobals) = postSolution
		SolutionGuid = {5146E4CF-CC3A-46A3-997C-F4D349A5FF79}
	EndGlobalSection
EndGlobal
