
Microsoft Visual Studio Solution File, Format Version 12.00
# Visual Studio Version 16
VisualStudioVersion = 16.0.31729.503
MinimumVisualStudioVersion = 10.0.40219.1
Project("{FAE04EC0-301F-11D3-BF4B-00C04F79EFBC}") = "Course15", "Course15\Course15.csproj", "{261CE7D1-69FB-4E6B-BD8D-F5CF0E24DE21}"
EndProject
Global
	GlobalSection(SolutionConfigurationPlatforms) = preSolution
		Debug|Any CPU = Debug|Any CPU
		Release|Any CPU = Release|Any CPU
	EndGlobalSection
	GlobalSection(ProjectConfigurationPlatforms) = postSolution
		{261CE7D1-69FB-4E6B-BD8D-F5CF0E24DE21}.Debug|Any CPU.ActiveCfg = Debug|Any CPU
		{261CE7D1-69FB-4E6B-BD8D-F5CF0E24DE21}.Debug|Any CPU.Build.0 = Debug|Any CPU
		{261CE7D1-69FB-4E6B-BD8D-F5CF0E24DE21}.Release|Any CPU.ActiveCfg = Release|Any CPU
		{261CE7D1-69FB-4E6B-BD8D-F5CF0E24DE21}.Release|Any CPU.Build.0 = Release|Any CPU
	EndGlobalSection
	GlobalSection(SolutionProperties) = preSolution
		HideSolutionNode = FALSE
	EndGlobalSection
	GlobalSection(ExtensibilityGlobals) = postSolution
		SolutionGuid = {0C6CA7D8-8A07-4CCA-BC39-10CF627F4163}
	EndGlobalSection
EndGlobal
