
Microsoft Visual Studio Solution File, Format Version 12.00
# Visual Studio Version 16
VisualStudioVersion = 16.0.31729.503
MinimumVisualStudioVersion = 10.0.40219.1
Project("{FAE04EC0-301F-11D3-BF4B-00C04F79EFBC}") = "Course16", "Course16\Course16.csproj", "{5C02F991-096D-4858-803A-6A41EE5FF6C3}"
EndProject
Global
	GlobalSection(SolutionConfigurationPlatforms) = preSolution
		Debug|Any CPU = Debug|Any CPU
		Release|Any CPU = Release|Any CPU
	EndGlobalSection
	GlobalSection(ProjectConfigurationPlatforms) = postSolution
		{5C02F991-096D-4858-803A-6A41EE5FF6C3}.Debug|Any CPU.ActiveCfg = Debug|Any CPU
		{5C02F991-096D-4858-803A-6A41EE5FF6C3}.Debug|Any CPU.Build.0 = Debug|Any CPU
		{5C02F991-096D-4858-803A-6A41EE5FF6C3}.Release|Any CPU.ActiveCfg = Release|Any CPU
		{5C02F991-096D-4858-803A-6A41EE5FF6C3}.Release|Any CPU.Build.0 = Release|Any CPU
	EndGlobalSection
	GlobalSection(SolutionProperties) = preSolution
		HideSolutionNode = FALSE
	EndGlobalSection
	GlobalSection(ExtensibilityGlobals) = postSolution
		SolutionGuid = {A9AF07DB-C64A-4CD3-B7C4-34D3C31729B1}
	EndGlobalSection
EndGlobal
