
Microsoft Visual Studio Solution File, Format Version 12.00
# Visual Studio Version 16
VisualStudioVersion = 16.0.31729.503
MinimumVisualStudioVersion = 10.0.40219.1
Project("{FAE04EC0-301F-11D3-BF4B-00C04F79EFBC}") = "Course17", "Course17\Course17.csproj", "{7DEDEB0C-D050-4561-B56C-B833F38A707A}"
EndProject
Global
	GlobalSection(SolutionConfigurationPlatforms) = preSolution
		Debug|Any CPU = Debug|Any CPU
		Release|Any CPU = Release|Any CPU
	EndGlobalSection
	GlobalSection(ProjectConfigurationPlatforms) = postSolution
		{7DEDEB0C-D050-4561-B56C-B833F38A707A}.Debug|Any CPU.ActiveCfg = Debug|Any CPU
		{7DEDEB0C-D050-4561-B56C-B833F38A707A}.Debug|Any CPU.Build.0 = Debug|Any CPU
		{7DEDEB0C-D050-4561-B56C-B833F38A707A}.Release|Any CPU.ActiveCfg = Release|Any CPU
		{7DEDEB0C-D050-4561-B56C-B833F38A707A}.Release|Any CPU.Build.0 = Release|Any CPU
	EndGlobalSection
	GlobalSection(SolutionProperties) = preSolution
		HideSolutionNode = FALSE
	EndGlobalSection
	GlobalSection(ExtensibilityGlobals) = postSolution
		SolutionGuid = {66A2B770-EA56-41B7-8D92-BF803735C654}
	EndGlobalSection
EndGlobal
