
Microsoft Visual Studio Solution File, Format Version 12.00
# Visual Studio Version 16
VisualStudioVersion = 16.0.31729.503
MinimumVisualStudioVersion = 10.0.40219.1
Project("{FAE04EC0-301F-11D3-BF4B-00C04F79EFBC}") = "CourseExercicioPropostoWhile02", "CourseExercicioPropostoWhile02\CourseExercicioPropostoWhile02.csproj", "{DDD7082B-94C0-4D43-B136-BF7D1A830A23}"
EndProject
Global
	GlobalSection(SolutionConfigurationPlatforms) = preSolution
		Debug|Any CPU = Debug|Any CPU
		Release|Any CPU = Release|Any CPU
	EndGlobalSection
	GlobalSection(ProjectConfigurationPlatforms) = postSolution
		{DDD7082B-94C0-4D43-B136-BF7D1A830A23}.Debug|Any CPU.ActiveCfg = Debug|Any CPU
		{DDD7082B-94C0-4D43-B136-BF7D1A830A23}.Debug|Any CPU.Build.0 = Debug|Any CPU
		{DDD7082B-94C0-4D43-B136-BF7D1A830A23}.Release|Any CPU.ActiveCfg = Release|Any CPU
		{DDD7082B-94C0-4D43-B136-BF7D1A830A23}.Release|Any CPU.Build.0 = Release|Any CPU
	EndGlobalSection
	GlobalSection(SolutionProperties) = preSolution
		HideSolutionNode = FALSE
	EndGlobalSection
	GlobalSection(ExtensibilityGlobals) = postSolution
		SolutionGuid = {EA739FF3-EFC2-4C2D-9D02-C331674D56CB}
	EndGlobalSection
EndGlobal
