
Microsoft Visual Studio Solution File, Format Version 12.00
# Visual Studio Version 16
VisualStudioVersion = 16.0.31729.503
MinimumVisualStudioVersion = 10.0.40219.1
Project("{FAE04EC0-301F-11D3-BF4B-00C04F79EFBC}") = "CourseExercicioPropostoClass04", "CourseExercicioPropostoClass04\CourseExercicioPropostoClass04.csproj", "{560CAB55-CB57-46AB-9B1A-28818DEE7BD6}"
EndProject
Global
	GlobalSection(SolutionConfigurationPlatforms) = preSolution
		Debug|Any CPU = Debug|Any CPU
		Release|Any CPU = Release|Any CPU
	EndGlobalSection
	GlobalSection(ProjectConfigurationPlatforms) = postSolution
		{560CAB55-CB57-46AB-9B1A-28818DEE7BD6}.Debug|Any CPU.ActiveCfg = Debug|Any CPU
		{560CAB55-CB57-46AB-9B1A-28818DEE7BD6}.Debug|Any CPU.Build.0 = Debug|Any CPU
		{560CAB55-CB57-46AB-9B1A-28818DEE7BD6}.Release|Any CPU.ActiveCfg = Release|Any CPU
		{560CAB55-CB57-46AB-9B1A-28818DEE7BD6}.Release|Any CPU.Build.0 = Release|Any CPU
	EndGlobalSection
	GlobalSection(SolutionProperties) = preSolution
		HideSolutionNode = FALSE
	EndGlobalSection
	GlobalSection(ExtensibilityGlobals) = postSolution
		SolutionGuid = {466E424B-EE65-4DFF-A867-9D89362F5AE9}
	EndGlobalSection
EndGlobal
