
Microsoft Visual Studio Solution File, Format Version 12.00
# Visual Studio Version 16
VisualStudioVersion = 16.0.31729.503
MinimumVisualStudioVersion = 10.0.40219.1
Project("{FAE04EC0-301F-11D3-BF4B-00C04F79EFBC}") = "Course24", "Course24\Course24.csproj", "{7389ED20-7669-405D-8BB6-74E8EF0C95B9}"
EndProject
Global
	GlobalSection(SolutionConfigurationPlatforms) = preSolution
		Debug|Any CPU = Debug|Any CPU
		Release|Any CPU = Release|Any CPU
	EndGlobalSection
	GlobalSection(ProjectConfigurationPlatforms) = postSolution
		{7389ED20-7669-405D-8BB6-74E8EF0C95B9}.Debug|Any CPU.ActiveCfg = Debug|Any CPU
		{7389ED20-7669-405D-8BB6-74E8EF0C95B9}.Debug|Any CPU.Build.0 = Debug|Any CPU
		{7389ED20-7669-405D-8BB6-74E8EF0C95B9}.Release|Any CPU.ActiveCfg = Release|Any CPU
		{7389ED20-7669-405D-8BB6-74E8EF0C95B9}.Release|Any CPU.Build.0 = Release|Any CPU
	EndGlobalSection
	GlobalSection(SolutionProperties) = preSolution
		HideSolutionNode = FALSE
	EndGlobalSection
	GlobalSection(ExtensibilityGlobals) = postSolution
		SolutionGuid = {BA9E7EF7-975B-4DA3-9140-F7D6F3E9BC3D}
	EndGlobalSection
EndGlobal
