
Microsoft Visual Studio Solution File, Format Version 12.00
# Visual Studio Version 16
VisualStudioVersion = 16.0.31729.503
MinimumVisualStudioVersion = 10.0.40219.1
Project("{FAE04EC0-301F-11D3-BF4B-00C04F79EFBC}") = "CourseExercicioPropostoClass02", "CourseExercicioPropostoClass02\CourseExercicioPropostoClass02.csproj", "{A383FD85-6B63-43E6-B002-97E4CA441945}"
EndProject
Global
	GlobalSection(SolutionConfigurationPlatforms) = preSolution
		Debug|Any CPU = Debug|Any CPU
		Release|Any CPU = Release|Any CPU
	EndGlobalSection
	GlobalSection(ProjectConfigurationPlatforms) = postSolution
		{A383FD85-6B63-43E6-B002-97E4CA441945}.Debug|Any CPU.ActiveCfg = Debug|Any CPU
		{A383FD85-6B63-43E6-B002-97E4CA441945}.Debug|Any CPU.Build.0 = Debug|Any CPU
		{A383FD85-6B63-43E6-B002-97E4CA441945}.Release|Any CPU.ActiveCfg = Release|Any CPU
		{A383FD85-6B63-43E6-B002-97E4CA441945}.Release|Any CPU.Build.0 = Release|Any CPU
	EndGlobalSection
	GlobalSection(SolutionProperties) = preSolution
		HideSolutionNode = FALSE
	EndGlobalSection
	GlobalSection(ExtensibilityGlobals) = postSolution
		SolutionGuid = {598F8641-8605-4625-97FC-828C2D49C1EF}
	EndGlobalSection
EndGlobal
