
Microsoft Visual Studio Solution File, Format Version 12.00
# Visual Studio Version 16
VisualStudioVersion = 16.0.31729.503
MinimumVisualStudioVersion = 10.0.40219.1
Project("{FAE04EC0-301F-11D3-BF4B-00C04F79EFBC}") = "CourseExercicioPropostoClass03", "CourseExercicioPropostoClass03\CourseExercicioPropostoClass03.csproj", "{44D16D43-68A7-4078-B4F9-E577F0B3F4AD}"
EndProject
Global
	GlobalSection(SolutionConfigurationPlatforms) = preSolution
		Debug|Any CPU = Debug|Any CPU
		Release|Any CPU = Release|Any CPU
	EndGlobalSection
	GlobalSection(ProjectConfigurationPlatforms) = postSolution
		{44D16D43-68A7-4078-B4F9-E577F0B3F4AD}.Debug|Any CPU.ActiveCfg = Debug|Any CPU
		{44D16D43-68A7-4078-B4F9-E577F0B3F4AD}.Debug|Any CPU.Build.0 = Debug|Any CPU
		{44D16D43-68A7-4078-B4F9-E577F0B3F4AD}.Release|Any CPU.ActiveCfg = Release|Any CPU
		{44D16D43-68A7-4078-B4F9-E577F0B3F4AD}.Release|Any CPU.Build.0 = Release|Any CPU
	EndGlobalSection
	GlobalSection(SolutionProperties) = preSolution
		HideSolutionNode = FALSE
	EndGlobalSection
	GlobalSection(ExtensibilityGlobals) = postSolution
		SolutionGuid = {6D0B614D-2F9F-4E7E-9C38-5F0779235937}
	EndGlobalSection
EndGlobal
