
Microsoft Visual Studio Solution File, Format Version 12.00
# Visual Studio Version 16
VisualStudioVersion = 16.0.31729.503
MinimumVisualStudioVersion = 10.0.40219.1
Project("{FAE04EC0-301F-11D3-BF4B-00C04F79EFBC}") = "Course25", "Course25\Course25.csproj", "{3B782C2B-47A0-4D4E-8A22-0E29E7588FE7}"
EndProject
Global
	GlobalSection(SolutionConfigurationPlatforms) = preSolution
		Debug|Any CPU = Debug|Any CPU
		Release|Any CPU = Release|Any CPU
	EndGlobalSection
	GlobalSection(ProjectConfigurationPlatforms) = postSolution
		{3B782C2B-47A0-4D4E-8A22-0E29E7588FE7}.Debug|Any CPU.ActiveCfg = Debug|Any CPU
		{3B782C2B-47A0-4D4E-8A22-0E29E7588FE7}.Debug|Any CPU.Build.0 = Debug|Any CPU
		{3B782C2B-47A0-4D4E-8A22-0E29E7588FE7}.Release|Any CPU.ActiveCfg = Release|Any CPU
		{3B782C2B-47A0-4D4E-8A22-0E29E7588FE7}.Release|Any CPU.Build.0 = Release|Any CPU
	EndGlobalSection
	GlobalSection(SolutionProperties) = preSolution
		HideSolutionNode = FALSE
	EndGlobalSection
	GlobalSection(ExtensibilityGlobals) = postSolution
		SolutionGuid = {65D61E07-8E20-483D-BD74-3DD4A9DDF636}
	EndGlobalSection
EndGlobal
