
Microsoft Visual Studio Solution File, Format Version 12.00
# Visual Studio Version 16
VisualStudioVersion = 16.0.31729.503
MinimumVisualStudioVersion = 10.0.40219.1
Project("{FAE04EC0-301F-11D3-BF4B-00C04F79EFBC}") = "CourseExercicioPropostoWhile03", "CourseExercicioPropostoWhile03\CourseExercicioPropostoWhile03.csproj", "{CDAA2B0E-708B-428F-9562-2F5481D832E8}"
EndProject
Global
	GlobalSection(SolutionConfigurationPlatforms) = preSolution
		Debug|Any CPU = Debug|Any CPU
		Release|Any CPU = Release|Any CPU
	EndGlobalSection
	GlobalSection(ProjectConfigurationPlatforms) = postSolution
		{CDAA2B0E-708B-428F-9562-2F5481D832E8}.Debug|Any CPU.ActiveCfg = Debug|Any CPU
		{CDAA2B0E-708B-428F-9562-2F5481D832E8}.Debug|Any CPU.Build.0 = Debug|Any CPU
		{CDAA2B0E-708B-428F-9562-2F5481D832E8}.Release|Any CPU.ActiveCfg = Release|Any CPU
		{CDAA2B0E-708B-428F-9562-2F5481D832E8}.Release|Any CPU.Build.0 = Release|Any CPU
	EndGlobalSection
	GlobalSection(SolutionProperties) = preSolution
		HideSolutionNode = FALSE
	EndGlobalSection
	GlobalSection(ExtensibilityGlobals) = postSolution
		SolutionGuid = {79F149DD-BAA8-4B68-8293-87067C62EFA8}
	EndGlobalSection
EndGlobal
