
Microsoft Visual Studio Solution File, Format Version 12.00
# Visual Studio Version 16
VisualStudioVersion = 16.0.31729.503
MinimumVisualStudioVersion = 10.0.40219.1
Project("{FAE04EC0-301F-11D3-BF4B-00C04F79EFBC}") = "CourseExercicioProposto01", "CourseExercicioProposto01\CourseExercicioProposto01.csproj", "{D3696A01-839B-4D74-80B6-0FF1C0DE65AB}"
EndProject
Global
	GlobalSection(SolutionConfigurationPlatforms) = preSolution
		Debug|Any CPU = Debug|Any CPU
		Release|Any CPU = Release|Any CPU
	EndGlobalSection
	GlobalSection(ProjectConfigurationPlatforms) = postSolution
		{D3696A01-839B-4D74-80B6-0FF1C0DE65AB}.Debug|Any CPU.ActiveCfg = Debug|Any CPU
		{D3696A01-839B-4D74-80B6-0FF1C0DE65AB}.Debug|Any CPU.Build.0 = Debug|Any CPU
		{D3696A01-839B-4D74-80B6-0FF1C0DE65AB}.Release|Any CPU.ActiveCfg = Release|Any CPU
		{D3696A01-839B-4D74-80B6-0FF1C0DE65AB}.Release|Any CPU.Build.0 = Release|Any CPU
	EndGlobalSection
	GlobalSection(SolutionProperties) = preSolution
		HideSolutionNode = FALSE
	EndGlobalSection
	GlobalSection(ExtensibilityGlobals) = postSolution
		SolutionGuid = {02A03EC6-1140-49A3-9CAB-6D410638B727}
	EndGlobalSection
EndGlobal
