
Microsoft Visual Studio Solution File, Format Version 12.00
# Visual Studio Version 16
VisualStudioVersion = 16.0.31729.503
MinimumVisualStudioVersion = 10.0.40219.1
Project("{FAE04EC0-301F-11D3-BF4B-00C04F79EFBC}") = "Course12", "Course12\Course12.csproj", "{145BA282-7AC7-4E86-84DA-8E7F9CE15F96}"
EndProject
Global
	GlobalSection(SolutionConfigurationPlatforms) = preSolution
		Debug|Any CPU = Debug|Any CPU
		Release|Any CPU = Release|Any CPU
	EndGlobalSection
	GlobalSection(ProjectConfigurationPlatforms) = postSolution
		{145BA282-7AC7-4E86-84DA-8E7F9CE15F96}.Debug|Any CPU.ActiveCfg = Debug|Any CPU
		{145BA282-7AC7-4E86-84DA-8E7F9CE15F96}.Debug|Any CPU.Build.0 = Debug|Any CPU
		{145BA282-7AC7-4E86-84DA-8E7F9CE15F96}.Release|Any CPU.ActiveCfg = Release|Any CPU
		{145BA282-7AC7-4E86-84DA-8E7F9CE15F96}.Release|Any CPU.Build.0 = Release|Any CPU
	EndGlobalSection
	GlobalSection(SolutionProperties) = preSolution
		HideSolutionNode = FALSE
	EndGlobalSection
	GlobalSection(ExtensibilityGlobals) = postSolution
		SolutionGuid = {AC1AA729-DFDC-4E3F-A262-49916A60CCE8}
	EndGlobalSection
EndGlobal
