
Microsoft Visual Studio Solution File, Format Version 12.00
# Visual Studio Version 16
VisualStudioVersion = 16.0.31729.503
MinimumVisualStudioVersion = 10.0.40219.1
Project("{FAE04EC0-301F-11D3-BF4B-00C04F79EFBC}") = "CourseExercicioPropostoIf05", "CourseExercicioPropostoIf05\CourseExercicioPropostoIf05.csproj", "{8F8E8433-D058-441B-A853-C0813DCB77AE}"
EndProject
Global
	GlobalSection(SolutionConfigurationPlatforms) = preSolution
		Debug|Any CPU = Debug|Any CPU
		Release|Any CPU = Release|Any CPU
	EndGlobalSection
	GlobalSection(ProjectConfigurationPlatforms) = postSolution
		{8F8E8433-D058-441B-A853-C0813DCB77AE}.Debug|Any CPU.ActiveCfg = Debug|Any CPU
		{8F8E8433-D058-441B-A853-C0813DCB77AE}.Debug|Any CPU.Build.0 = Debug|Any CPU
		{8F8E8433-D058-441B-A853-C0813DCB77AE}.Release|Any CPU.ActiveCfg = Release|Any CPU
		{8F8E8433-D058-441B-A853-C0813DCB77AE}.Release|Any CPU.Build.0 = Release|Any CPU
	EndGlobalSection
	GlobalSection(SolutionProperties) = preSolution
		HideSolutionNode = FALSE
	EndGlobalSection
	GlobalSection(ExtensibilityGlobals) = postSolution
		SolutionGuid = {E5B948DF-7C81-4179-8D52-95318BDED253}
	EndGlobalSection
EndGlobal
