
Microsoft Visual Studio Solution File, Format Version 12.00
# Visual Studio Version 16
VisualStudioVersion = 16.0.31729.503
MinimumVisualStudioVersion = 10.0.40219.1
Project("{FAE04EC0-301F-11D3-BF4B-00C04F79EFBC}") = "Course21", "Course21\Course21.csproj", "{12878638-AF45-4D53-8E58-CB501144524F}"
EndProject
Global
	GlobalSection(SolutionConfigurationPlatforms) = preSolution
		Debug|Any CPU = Debug|Any CPU
		Release|Any CPU = Release|Any CPU
	EndGlobalSection
	GlobalSection(ProjectConfigurationPlatforms) = postSolution
		{12878638-AF45-4D53-8E58-CB501144524F}.Debug|Any CPU.ActiveCfg = Debug|Any CPU
		{12878638-AF45-4D53-8E58-CB501144524F}.Debug|Any CPU.Build.0 = Debug|Any CPU
		{12878638-AF45-4D53-8E58-CB501144524F}.Release|Any CPU.ActiveCfg = Release|Any CPU
		{12878638-AF45-4D53-8E58-CB501144524F}.Release|Any CPU.Build.0 = Release|Any CPU
	EndGlobalSection
	GlobalSection(SolutionProperties) = preSolution
		HideSolutionNode = FALSE
	EndGlobalSection
	GlobalSection(ExtensibilityGlobals) = postSolution
		SolutionGuid = {2C76DF68-4E4B-4984-93A8-87761300CED1}
	EndGlobalSection
EndGlobal
