
Microsoft Visual Studio Solution File, Format Version 12.00
# Visual Studio Version 16
VisualStudioVersion = 16.0.31729.503
MinimumVisualStudioVersion = 10.0.40219.1
Project("{FAE04EC0-301F-11D3-BF4B-00C04F79EFBC}") = "CourseExercicioPropostoIf04", "CourseExercicioPropostoIf04\CourseExercicioPropostoIf04.csproj", "{C9D1AB70-5F7B-4D66-920E-73C341221C98}"
EndProject
Global
	GlobalSection(SolutionConfigurationPlatforms) = preSolution
		Debug|Any CPU = Debug|Any CPU
		Release|Any CPU = Release|Any CPU
	EndGlobalSection
	GlobalSection(ProjectConfigurationPlatforms) = postSolution
		{C9D1AB70-5F7B-4D66-920E-73C341221C98}.Debug|Any CPU.ActiveCfg = Debug|Any CPU
		{C9D1AB70-5F7B-4D66-920E-73C341221C98}.Debug|Any CPU.Build.0 = Debug|Any CPU
		{C9D1AB70-5F7B-4D66-920E-73C341221C98}.Release|Any CPU.ActiveCfg = Release|Any CPU
		{C9D1AB70-5F7B-4D66-920E-73C341221C98}.Release|Any CPU.Build.0 = Release|Any CPU
	EndGlobalSection
	GlobalSection(SolutionProperties) = preSolution
		HideSolutionNode = FALSE
	EndGlobalSection
	GlobalSection(ExtensibilityGlobals) = postSolution
		SolutionGuid = {16001295-D293-4843-81EC-A17CE2745407}
	EndGlobalSection
EndGlobal
