
Microsoft Visual Studio Solution File, Format Version 12.00
# Visual Studio Version 16
VisualStudioVersion = 16.0.31729.503
MinimumVisualStudioVersion = 10.0.40219.1
Project("{FAE04EC0-301F-11D3-BF4B-00C04F79EFBC}") = "Course13", "Course13\Course13.csproj", "{71A9C4D3-D89A-4359-AACB-89F5CDC47DBF}"
EndProject
Global
	GlobalSection(SolutionConfigurationPlatforms) = preSolution
		Debug|Any CPU = Debug|Any CPU
		Release|Any CPU = Release|Any CPU
	EndGlobalSection
	GlobalSection(ProjectConfigurationPlatforms) = postSolution
		{71A9C4D3-D89A-4359-AACB-89F5CDC47DBF}.Debug|Any CPU.ActiveCfg = Debug|Any CPU
		{71A9C4D3-D89A-4359-AACB-89F5CDC47DBF}.Debug|Any CPU.Build.0 = Debug|Any CPU
		{71A9C4D3-D89A-4359-AACB-89F5CDC47DBF}.Release|Any CPU.ActiveCfg = Release|Any CPU
		{71A9C4D3-D89A-4359-AACB-89F5CDC47DBF}.Release|Any CPU.Build.0 = Release|Any CPU
	EndGlobalSection
	GlobalSection(SolutionProperties) = preSolution
		HideSolutionNode = FALSE
	EndGlobalSection
	GlobalSection(ExtensibilityGlobals) = postSolution
		SolutionGuid = {E2B639D6-3820-4BB2-BDFF-FD1E78064375}
	EndGlobalSection
EndGlobal
